// !$*UTF8*$!
{
	archiveVersion = 1;
	classes = {
	};
	objectVersion = 56;
	objects = {

/* Begin PBXBuildFile section */
		8BF852E62A930A0B00F57338 /* AppDelegate.swift in Sources */ = {isa = PBXBuildFile; fileRef = 8BF852E52A930A0B00F57338 /* AppDelegate.swift */; };
		8BF852E82A930A0B00F57338 /* SceneDelegate.swift in Sources */ = {isa = PBXBuildFile; fileRef = 8BF852E72A930A0B00F57338 /* SceneDelegate.swift */; };
		8BF852EA2A930A0B00F57338 /* ViewController.swift in Sources */ = {isa = PBXBuildFile; fileRef = 8BF852E92A930A0B00F57338 /* ViewController.swift */; };
		8BF852EF2A930A0C00F57338 /* Assets.xcassets in Resources */ = {isa = PBXBuildFile; fileRef = 8BF852EE2A930A0C00F57338 /* Assets.xcassets */; };
		8BF852F22A930A0C00F57338 /* LaunchScreen.storyboard in Resources */ = {isa = PBXBuildFile; fileRef = 8BF852F02A930A0C00F57338 /* LaunchScreen.storyboard */; };
		8BF8530C2A94461C00F57338 /* SnapKit in Frameworks */ = {isa = PBXBuildFile; productRef = 8BF8530B2A94461C00F57338 /* SnapKit */; };
		8BF8530F2A94467D00F57338 /* SnapViewController.swift in Sources */ = {isa = PBXBuildFile; fileRef = 8BF8530E2A94467D00F57338 /* SnapViewController.swift */; };
		8BF853112A945CC500F57338 /* TextViewController.swift in Sources */ = {isa = PBXBuildFile; fileRef = 8BF853102A945CC500F57338 /* TextViewController.swift */; };
		8BF853132A94792C00F57338 /* LocationViewController.swift in Sources */ = {isa = PBXBuildFile; fileRef = 8BF853122A94792C00F57338 /* LocationViewController.swift */; };
		8BF853162A94A08500F57338 /* Example1ViewController.swift in Sources */ = {isa = PBXBuildFile; fileRef = 8BF853152A94A08500F57338 /* Example1ViewController.swift */; };
		8BF853182A94ACFE00F57338 /* Example2ViewController.swift in Sources */ = {isa = PBXBuildFile; fileRef = 8BF853172A94ACFE00F57338 /* Example2ViewController.swift */; };
		8BF8531A2A94F36600F57338 /* Example3ViewController.swift in Sources */ = {isa = PBXBuildFile; fileRef = 8BF853192A94F36600F57338 /* Example3ViewController.swift */; };
		8BF8531D2A95F56600F57338 /* Theater.swift in Sources */ = {isa = PBXBuildFile; fileRef = 8BF8531C2A95F56600F57338 /* Theater.swift */; };
		8BF8531F2A95F58000F57338 /* TheaterType.swift in Sources */ = {isa = PBXBuildFile; fileRef = 8BF8531E2A95F58000F57338 /* TheaterType.swift */; };
		8BF853212A9600E100F57338 /* TheaterViewController.swift in Sources */ = {isa = PBXBuildFile; fileRef = 8BF853202A9600E100F57338 /* TheaterViewController.swift */; };
		8BF853232A964AFA00F57338 /* ActionSheetType.swift in Sources */ = {isa = PBXBuildFile; fileRef = 8BF853222A964AFA00F57338 /* ActionSheetType.swift */; };
		8BF853262A96F11700F57338 /* GenericViewController.swift in Sources */ = {isa = PBXBuildFile; fileRef = 8BF853252A96F11700F57338 /* GenericViewController.swift */; };
		8BF853282A96F12E00F57338 /* Extension+UIViewController.swift in Sources */ = {isa = PBXBuildFile; fileRef = 8BF853272A96F12E00F57338 /* Extension+UIViewController.swift */; };
		8BF8532B2A971CEE00F57338 /* CustomViewController.swift in Sources */ = {isa = PBXBuildFile; fileRef = 8BF8532A2A971CEE00F57338 /* CustomViewController.swift */; };
		8BF8532D2A971E9200F57338 /* BlackRadiusTextField.swift in Sources */ = {isa = PBXBuildFile; fileRef = 8BF8532C2A971E9200F57338 /* BlackRadiusTextField.swift */; };
		8BF8532F2A972A1300F57338 /* CustomTableViewController.swift in Sources */ = {isa = PBXBuildFile; fileRef = 8BF8532E2A972A1300F57338 /* CustomTableViewController.swift */; };
		8BF853322A974F8600F57338 /* NetflixSignUpViewController.swift in Sources */ = {isa = PBXBuildFile; fileRef = 8BF853312A974F8600F57338 /* NetflixSignUpViewController.swift */; };
		8BF853342A97517900F57338 /* GrayBackgroundTextField.swift in Sources */ = {isa = PBXBuildFile; fileRef = 8BF853332A97517900F57338 /* GrayBackgroundTextField.swift */; };
		8BF853362A97932700F57338 /* NetflixMainViewController.swift in Sources */ = {isa = PBXBuildFile; fileRef = 8BF853352A97932700F57338 /* NetflixMainViewController.swift */; };
		8BF8533A2A97971000F57338 /* TopWhiteButton.swift in Sources */ = {isa = PBXBuildFile; fileRef = 8BF853392A97971000F57338 /* TopWhiteButton.swift */; };
		8BF8533C2A982B2F00F57338 /* CustomTableViewCell.swift in Sources */ = {isa = PBXBuildFile; fileRef = 8BF8533B2A982B2F00F57338 /* CustomTableViewCell.swift */; };
		8BF8533E2A9840AC00F57338 /* PosterImageView.swift in Sources */ = {isa = PBXBuildFile; fileRef = 8BF8533D2A9840AC00F57338 /* PosterImageView.swift */; };
		8BF853412A984B7100F57338 /* OnboardingViewController.swift in Sources */ = {isa = PBXBuildFile; fileRef = 8BF853402A984B7100F57338 /* OnboardingViewController.swift */; };
		8BF8534D2A9B55FE00F57338 /* BottomVerticalButton.swift in Sources */ = {isa = PBXBuildFile; fileRef = 8BF8534C2A9B55FE00F57338 /* BottomVerticalButton.swift */; };
		8BF8534F2A9B71AA00F57338 /* GrayBorderCircleImage.swift in Sources */ = {isa = PBXBuildFile; fileRef = 8BF8534E2A9B71A900F57338 /* GrayBorderCircleImage.swift */; };
/* End PBXBuildFile section */

/* Begin PBXFileReference section */
		8BF852E22A930A0B00F57338 /* SeSACWeek6.app */ = {isa = PBXFileReference; explicitFileType = wrapper.application; includeInIndex = 0; path = SeSACWeek6.app; sourceTree = BUILT_PRODUCTS_DIR; };
		8BF852E52A930A0B00F57338 /* AppDelegate.swift */ = {isa = PBXFileReference; lastKnownFileType = sourcecode.swift; path = AppDelegate.swift; sourceTree = "<group>"; };
		8BF852E72A930A0B00F57338 /* SceneDelegate.swift */ = {isa = PBXFileReference; lastKnownFileType = sourcecode.swift; path = SceneDelegate.swift; sourceTree = "<group>"; };
		8BF852E92A930A0B00F57338 /* ViewController.swift */ = {isa = PBXFileReference; lastKnownFileType = sourcecode.swift; path = ViewController.swift; sourceTree = "<group>"; };
		8BF852EE2A930A0C00F57338 /* Assets.xcassets */ = {isa = PBXFileReference; lastKnownFileType = folder.assetcatalog; path = Assets.xcassets; sourceTree = "<group>"; };
		8BF852F12A930A0C00F57338 /* Base */ = {isa = PBXFileReference; lastKnownFileType = file.storyboard; name = Base; path = Base.lproj/LaunchScreen.storyboard; sourceTree = "<group>"; };
		8BF852F32A930A0C00F57338 /* Info.plist */ = {isa = PBXFileReference; lastKnownFileType = text.plist.xml; path = Info.plist; sourceTree = "<group>"; };
		8BF8530E2A94467D00F57338 /* SnapViewController.swift */ = {isa = PBXFileReference; lastKnownFileType = sourcecode.swift; path = SnapViewController.swift; sourceTree = "<group>"; };
		8BF853102A945CC500F57338 /* TextViewController.swift */ = {isa = PBXFileReference; lastKnownFileType = sourcecode.swift; path = TextViewController.swift; sourceTree = "<group>"; };
		8BF853122A94792C00F57338 /* LocationViewController.swift */ = {isa = PBXFileReference; lastKnownFileType = sourcecode.swift; path = LocationViewController.swift; sourceTree = "<group>"; };
		8BF853152A94A08500F57338 /* Example1ViewController.swift */ = {isa = PBXFileReference; lastKnownFileType = sourcecode.swift; path = Example1ViewController.swift; sourceTree = "<group>"; };
		8BF853172A94ACFE00F57338 /* Example2ViewController.swift */ = {isa = PBXFileReference; lastKnownFileType = sourcecode.swift; path = Example2ViewController.swift; sourceTree = "<group>"; };
		8BF853192A94F36600F57338 /* Example3ViewController.swift */ = {isa = PBXFileReference; lastKnownFileType = sourcecode.swift; path = Example3ViewController.swift; sourceTree = "<group>"; };
		8BF8531C2A95F56600F57338 /* Theater.swift */ = {isa = PBXFileReference; lastKnownFileType = sourcecode.swift; path = Theater.swift; sourceTree = "<group>"; };
		8BF8531E2A95F58000F57338 /* TheaterType.swift */ = {isa = PBXFileReference; lastKnownFileType = sourcecode.swift; path = TheaterType.swift; sourceTree = "<group>"; };
		8BF853202A9600E100F57338 /* TheaterViewController.swift */ = {isa = PBXFileReference; lastKnownFileType = sourcecode.swift; path = TheaterViewController.swift; sourceTree = "<group>"; };
		8BF853222A964AFA00F57338 /* ActionSheetType.swift */ = {isa = PBXFileReference; lastKnownFileType = sourcecode.swift; path = ActionSheetType.swift; sourceTree = "<group>"; };
		8BF853252A96F11700F57338 /* GenericViewController.swift */ = {isa = PBXFileReference; lastKnownFileType = sourcecode.swift; path = GenericViewController.swift; sourceTree = "<group>"; };
		8BF853272A96F12E00F57338 /* Extension+UIViewController.swift */ = {isa = PBXFileReference; lastKnownFileType = sourcecode.swift; path = "Extension+UIViewController.swift"; sourceTree = "<group>"; };
		8BF8532A2A971CEE00F57338 /* CustomViewController.swift */ = {isa = PBXFileReference; lastKnownFileType = sourcecode.swift; path = CustomViewController.swift; sourceTree = "<group>"; };
		8BF8532C2A971E9200F57338 /* BlackRadiusTextField.swift */ = {isa = PBXFileReference; lastKnownFileType = sourcecode.swift; path = BlackRadiusTextField.swift; sourceTree = "<group>"; };
		8BF8532E2A972A1300F57338 /* CustomTableViewController.swift */ = {isa = PBXFileReference; lastKnownFileType = sourcecode.swift; path = CustomTableViewController.swift; sourceTree = "<group>"; };
		8BF853312A974F8600F57338 /* NetflixSignUpViewController.swift */ = {isa = PBXFileReference; lastKnownFileType = sourcecode.swift; path = NetflixSignUpViewController.swift; sourceTree = "<group>"; };
		8BF853332A97517900F57338 /* GrayBackgroundTextField.swift */ = {isa = PBXFileReference; lastKnownFileType = sourcecode.swift; path = GrayBackgroundTextField.swift; sourceTree = "<group>"; };
		8BF853352A97932700F57338 /* NetflixMainViewController.swift */ = {isa = PBXFileReference; lastKnownFileType = sourcecode.swift; path = NetflixMainViewController.swift; sourceTree = "<group>"; };
		8BF853392A97971000F57338 /* TopWhiteButton.swift */ = {isa = PBXFileReference; lastKnownFileType = sourcecode.swift; path = TopWhiteButton.swift; sourceTree = "<group>"; };
		8BF8533B2A982B2F00F57338 /* CustomTableViewCell.swift */ = {isa = PBXFileReference; lastKnownFileType = sourcecode.swift; path = CustomTableViewCell.swift; sourceTree = "<group>"; };
		8BF8533D2A9840AC00F57338 /* PosterImageView.swift */ = {isa = PBXFileReference; lastKnownFileType = sourcecode.swift; path = PosterImageView.swift; sourceTree = "<group>"; };
		8BF853402A984B7100F57338 /* OnboardingViewController.swift */ = {isa = PBXFileReference; lastKnownFileType = sourcecode.swift; path = OnboardingViewController.swift; sourceTree = "<group>"; };
		8BF8534C2A9B55FE00F57338 /* BottomVerticalButton.swift */ = {isa = PBXFileReference; lastKnownFileType = sourcecode.swift; path = BottomVerticalButton.swift; sourceTree = "<group>"; };
		8BF8534E2A9B71A900F57338 /* GrayBorderCircleImage.swift */ = {isa = PBXFileReference; lastKnownFileType = sourcecode.swift; path = GrayBorderCircleImage.swift; sourceTree = "<group>"; };
/* End PBXFileReference section */

/* Begin PBXFrameworksBuildPhase section */
		8BF852DF2A930A0B00F57338 /* Frameworks */ = {
			isa = PBXFrameworksBuildPhase;
			buildActionMask = 2147483647;
			files = (
				8BF8530C2A94461C00F57338 /* SnapKit in Frameworks */,
			);
			runOnlyForDeploymentPostprocessing = 0;
		};
/* End PBXFrameworksBuildPhase section */

/* Begin PBXGroup section */
		8BF852D92A930A0B00F57338 = {
			isa = PBXGroup;
			children = (
				8BF852E42A930A0B00F57338 /* SeSACWeek6 */,
				8BF852E32A930A0B00F57338 /* Products */,
			);
			sourceTree = "<group>";
		};
		8BF852E32A930A0B00F57338 /* Products */ = {
			isa = PBXGroup;
			children = (
				8BF852E22A930A0B00F57338 /* SeSACWeek6.app */,
			);
			name = Products;
			sourceTree = "<group>";
		};
		8BF852E42A930A0B00F57338 /* SeSACWeek6 */ = {
			isa = PBXGroup;
			children = (
				8BF853302A974F5400F57338 /* Day28 Assign Netflix */,
				8BF8533F2A984B2900F57338 /* Onboarding */,
				8BF853292A971CBF00F57338 /* CustomView */,
				8BF853242A96F0DF00F57338 /* Generic */,
				8BF8531B2A95F50F00F57338 /* Day27 Assign Theater */,
				8BF853142A94A06500F57338 /* Day26 Assign */,
				8BF8530D2A94464B00F57338 /* Test */,
				8BF852E52A930A0B00F57338 /* AppDelegate.swift */,
				8BF852E72A930A0B00F57338 /* SceneDelegate.swift */,
				8BF852E92A930A0B00F57338 /* ViewController.swift */,
				8BF852EE2A930A0C00F57338 /* Assets.xcassets */,
				8BF852F02A930A0C00F57338 /* LaunchScreen.storyboard */,
				8BF852F32A930A0C00F57338 /* Info.plist */,
				8BF853122A94792C00F57338 /* LocationViewController.swift */,
			);
			path = SeSACWeek6;
			sourceTree = "<group>";
		};
		8BF8530D2A94464B00F57338 /* Test */ = {
			isa = PBXGroup;
			children = (
				8BF8530E2A94467D00F57338 /* SnapViewController.swift */,
				8BF853102A945CC500F57338 /* TextViewController.swift */,
			);
			path = Test;
			sourceTree = "<group>";
		};
		8BF853142A94A06500F57338 /* Day26 Assign */ = {
			isa = PBXGroup;
			children = (
				8BF853152A94A08500F57338 /* Example1ViewController.swift */,
				8BF853172A94ACFE00F57338 /* Example2ViewController.swift */,
				8BF853192A94F36600F57338 /* Example3ViewController.swift */,
			);
			path = "Day26 Assign";
			sourceTree = "<group>";
		};
		8BF8531B2A95F50F00F57338 /* Day27 Assign Theater */ = {
			isa = PBXGroup;
			children = (
				8BF8531C2A95F56600F57338 /* Theater.swift */,
				8BF8531E2A95F58000F57338 /* TheaterType.swift */,
				8BF853222A964AFA00F57338 /* ActionSheetType.swift */,
				8BF853202A9600E100F57338 /* TheaterViewController.swift */,
			);
			path = "Day27 Assign Theater";
			sourceTree = "<group>";
		};
		8BF853242A96F0DF00F57338 /* Generic */ = {
			isa = PBXGroup;
			children = (
				8BF853252A96F11700F57338 /* GenericViewController.swift */,
				8BF853272A96F12E00F57338 /* Extension+UIViewController.swift */,
			);
			path = Generic;
			sourceTree = "<group>";
		};
		8BF853292A971CBF00F57338 /* CustomView */ = {
			isa = PBXGroup;
			children = (
				8BF8532A2A971CEE00F57338 /* CustomViewController.swift */,
				8BF8532C2A971E9200F57338 /* BlackRadiusTextField.swift */,
				8BF8532E2A972A1300F57338 /* CustomTableViewController.swift */,
				8BF8533B2A982B2F00F57338 /* CustomTableViewCell.swift */,
				8BF8533D2A9840AC00F57338 /* PosterImageView.swift */,
			);
			path = CustomView;
			sourceTree = "<group>";
		};
		8BF853302A974F5400F57338 /* Day28 Assign Netflix */ = {
			isa = PBXGroup;
			children = (
				8BF853382A9796F000F57338 /* MainView */,
				8BF853372A9796CE00F57338 /* SignUpView */,
			);
			path = "Day28 Assign Netflix";
			sourceTree = "<group>";
		};
		8BF853372A9796CE00F57338 /* SignUpView */ = {
			isa = PBXGroup;
			children = (
				8BF853312A974F8600F57338 /* NetflixSignUpViewController.swift */,
				8BF853332A97517900F57338 /* GrayBackgroundTextField.swift */,
			);
			path = SignUpView;
			sourceTree = "<group>";
		};
		8BF853382A9796F000F57338 /* MainView */ = {
			isa = PBXGroup;
			children = (
				8BF853352A97932700F57338 /* NetflixMainViewController.swift */,
				8BF853392A97971000F57338 /* TopWhiteButton.swift */,
				8BF8534C2A9B55FE00F57338 /* BottomVerticalButton.swift */,
				8BF8534E2A9B71A900F57338 /* GrayBorderCircleImage.swift */,
			);
			path = MainView;
			sourceTree = "<group>";
		};
		8BF8533F2A984B2900F57338 /* Onboarding */ = {
			isa = PBXGroup;
			children = (
				8BF853402A984B7100F57338 /* OnboardingViewController.swift */,
			);
			path = Onboarding;
			sourceTree = "<group>";
		};
/* End PBXGroup section */

/* Begin PBXNativeTarget section */
		8BF852E12A930A0B00F57338 /* SeSACWeek6 */ = {
			isa = PBXNativeTarget;
			buildConfigurationList = 8BF852F62A930A0C00F57338 /* Build configuration list for PBXNativeTarget "SeSACWeek6" */;
			buildPhases = (
				8BF852DE2A930A0B00F57338 /* Sources */,
				8BF852DF2A930A0B00F57338 /* Frameworks */,
				8BF852E02A930A0B00F57338 /* Resources */,
			);
			buildRules = (
			);
			dependencies = (
			);
			name = SeSACWeek6;
			packageProductDependencies = (
				8BF8530B2A94461C00F57338 /* SnapKit */,
			);
			productName = SeSACWeek6;
			productReference = 8BF852E22A930A0B00F57338 /* SeSACWeek6.app */;
			productType = "com.apple.product-type.application";
		};
/* End PBXNativeTarget section */

/* Begin PBXProject section */
		8BF852DA2A930A0B00F57338 /* Project object */ = {
			isa = PBXProject;
			attributes = {
				BuildIndependentTargetsInParallel = 1;
				LastSwiftUpdateCheck = 1430;
				LastUpgradeCheck = 1430;
				TargetAttributes = {
					8BF852E12A930A0B00F57338 = {
						CreatedOnToolsVersion = 14.3.1;
					};
				};
			};
			buildConfigurationList = 8BF852DD2A930A0B00F57338 /* Build configuration list for PBXProject "SeSACWeek6" */;
			compatibilityVersion = "Xcode 14.0";
			developmentRegion = en;
			hasScannedForEncodings = 0;
			knownRegions = (
				en,
				Base,
			);
			mainGroup = 8BF852D92A930A0B00F57338;
			packageReferences = (
				8BF8530A2A94461C00F57338 /* XCRemoteSwiftPackageReference "SnapKit" */,
			);
			productRefGroup = 8BF852E32A930A0B00F57338 /* Products */;
			projectDirPath = "";
			projectRoot = "";
			targets = (
				8BF852E12A930A0B00F57338 /* SeSACWeek6 */,
			);
		};
/* End PBXProject section */

/* Begin PBXResourcesBuildPhase section */
		8BF852E02A930A0B00F57338 /* Resources */ = {
			isa = PBXResourcesBuildPhase;
			buildActionMask = 2147483647;
			files = (
				8BF852F22A930A0C00F57338 /* LaunchScreen.storyboard in Resources */,
				8BF852EF2A930A0C00F57338 /* Assets.xcassets in Resources */,
			);
			runOnlyForDeploymentPostprocessing = 0;
		};
/* End PBXResourcesBuildPhase section */

/* Begin PBXSourcesBuildPhase section */
		8BF852DE2A930A0B00F57338 /* Sources */ = {
			isa = PBXSourcesBuildPhase;
			buildActionMask = 2147483647;
			files = (
				8BF853342A97517900F57338 /* GrayBackgroundTextField.swift in Sources */,
				8BF853112A945CC500F57338 /* TextViewController.swift in Sources */,
				8BF853322A974F8600F57338 /* NetflixSignUpViewController.swift in Sources */,
				8BF8531A2A94F36600F57338 /* Example3ViewController.swift in Sources */,
				8BF8532D2A971E9200F57338 /* BlackRadiusTextField.swift in Sources */,
				8BF8530F2A94467D00F57338 /* SnapViewController.swift in Sources */,
				8BF852EA2A930A0B00F57338 /* ViewController.swift in Sources */,
				8BF8533C2A982B2F00F57338 /* CustomTableViewCell.swift in Sources */,
				8BF853262A96F11700F57338 /* GenericViewController.swift in Sources */,
				8BF853132A94792C00F57338 /* LocationViewController.swift in Sources */,
				8BF8533A2A97971000F57338 /* TopWhiteButton.swift in Sources */,
				8BF8534F2A9B71AA00F57338 /* GrayBorderCircleImage.swift in Sources */,
				8BF853182A94ACFE00F57338 /* Example2ViewController.swift in Sources */,
				8BF8534D2A9B55FE00F57338 /* BottomVerticalButton.swift in Sources */,
				8BF853412A984B7100F57338 /* OnboardingViewController.swift in Sources */,
				8BF853212A9600E100F57338 /* TheaterViewController.swift in Sources */,
				8BF853282A96F12E00F57338 /* Extension+UIViewController.swift in Sources */,
				8BF853362A97932700F57338 /* NetflixMainViewController.swift in Sources */,
				8BF853162A94A08500F57338 /* Example1ViewController.swift in Sources */,
				8BF852E62A930A0B00F57338 /* AppDelegate.swift in Sources */,
				8BF8531F2A95F58000F57338 /* TheaterType.swift in Sources */,
				8BF852E82A930A0B00F57338 /* SceneDelegate.swift in Sources */,
				8BF8533E2A9840AC00F57338 /* PosterImageView.swift in Sources */,
				8BF8531D2A95F56600F57338 /* Theater.swift in Sources */,
				8BF853232A964AFA00F57338 /* ActionSheetType.swift in Sources */,
				8BF8532F2A972A1300F57338 /* CustomTableViewController.swift in Sources */,
				8BF8532B2A971CEE00F57338 /* CustomViewController.swift in Sources */,
			);
			runOnlyForDeploymentPostprocessing = 0;
		};
/* End PBXSourcesBuildPhase section */

/* Begin PBXVariantGroup section */
		8BF852F02A930A0C00F57338 /* LaunchScreen.storyboard */ = {
			isa = PBXVariantGroup;
			children = (
				8BF852F12A930A0C00F57338 /* Base */,
			);
			name = LaunchScreen.storyboard;
			sourceTree = "<group>";
		};
/* End PBXVariantGroup section */

/* Begin XCBuildConfiguration section */
		8BF852F42A930A0C00F57338 /* Debug */ = {
			isa = XCBuildConfiguration;
			buildSettings = {
				ALWAYS_SEARCH_USER_PATHS = NO;
				CLANG_ANALYZER_NONNULL = YES;
				CLANG_ANALYZER_NUMBER_OBJECT_CONVERSION = YES_AGGRESSIVE;
				CLANG_CXX_LANGUAGE_STANDARD = "gnu++20";
				CLANG_ENABLE_MODULES = YES;
				CLANG_ENABLE_OBJC_ARC = YES;
				CLANG_ENABLE_OBJC_WEAK = YES;
				CLANG_WARN_BLOCK_CAPTURE_AUTORELEASING = YES;
				CLANG_WARN_BOOL_CONVERSION = YES;
				CLANG_WARN_COMMA = YES;
				CLANG_WARN_CONSTANT_CONVERSION = YES;
				CLANG_WARN_DEPRECATED_OBJC_IMPLEMENTATIONS = YES;
				CLANG_WARN_DIRECT_OBJC_ISA_USAGE = YES_ERROR;
				CLANG_WARN_DOCUMENTATION_COMMENTS = YES;
				CLANG_WARN_EMPTY_BODY = YES;
				CLANG_WARN_ENUM_CONVERSION = YES;
				CLANG_WARN_INFINITE_RECURSION = YES;
				CLANG_WARN_INT_CONVERSION = YES;
				CLANG_WARN_NON_LITERAL_NULL_CONVERSION = YES;
				CLANG_WARN_OBJC_IMPLICIT_RETAIN_SELF = YES;
				CLANG_WARN_OBJC_LITERAL_CONVERSION = YES;
				CLANG_WARN_OBJC_ROOT_CLASS = YES_ERROR;
				CLANG_WARN_QUOTED_INCLUDE_IN_FRAMEWORK_HEADER = YES;
				CLANG_WARN_RANGE_LOOP_ANALYSIS = YES;
				CLANG_WARN_STRICT_PROTOTYPES = YES;
				CLANG_WARN_SUSPICIOUS_MOVE = YES;
				CLANG_WARN_UNGUARDED_AVAILABILITY = YES_AGGRESSIVE;
				CLANG_WARN_UNREACHABLE_CODE = YES;
				CLANG_WARN__DUPLICATE_METHOD_MATCH = YES;
				COPY_PHASE_STRIP = NO;
				DEBUG_INFORMATION_FORMAT = dwarf;
				ENABLE_STRICT_OBJC_MSGSEND = YES;
				ENABLE_TESTABILITY = YES;
				GCC_C_LANGUAGE_STANDARD = gnu11;
				GCC_DYNAMIC_NO_PIC = NO;
				GCC_NO_COMMON_BLOCKS = YES;
				GCC_OPTIMIZATION_LEVEL = 0;
				GCC_PREPROCESSOR_DEFINITIONS = (
					"DEBUG=1",
					"$(inherited)",
				);
				GCC_WARN_64_TO_32_BIT_CONVERSION = YES;
				GCC_WARN_ABOUT_RETURN_TYPE = YES_ERROR;
				GCC_WARN_UNDECLARED_SELECTOR = YES;
				GCC_WARN_UNINITIALIZED_AUTOS = YES_AGGRESSIVE;
				GCC_WARN_UNUSED_FUNCTION = YES;
				GCC_WARN_UNUSED_VARIABLE = YES;
				IPHONEOS_DEPLOYMENT_TARGET = 16.4;
				MTL_ENABLE_DEBUG_INFO = INCLUDE_SOURCE;
				MTL_FAST_MATH = YES;
				ONLY_ACTIVE_ARCH = YES;
				SDKROOT = iphoneos;
				SWIFT_ACTIVE_COMPILATION_CONDITIONS = DEBUG;
				SWIFT_OPTIMIZATION_LEVEL = "-Onone";
			};
			name = Debug;
		};
		8BF852F52A930A0C00F57338 /* Release */ = {
			isa = XCBuildConfiguration;
			buildSettings = {
				ALWAYS_SEARCH_USER_PATHS = NO;
				CLANG_ANALYZER_NONNULL = YES;
				CLANG_ANALYZER_NUMBER_OBJECT_CONVERSION = YES_AGGRESSIVE;
				CLANG_CXX_LANGUAGE_STANDARD = "gnu++20";
				CLANG_ENABLE_MODULES = YES;
				CLANG_ENABLE_OBJC_ARC = YES;
				CLANG_ENABLE_OBJC_WEAK = YES;
				CLANG_WARN_BLOCK_CAPTURE_AUTORELEASING = YES;
				CLANG_WARN_BOOL_CONVERSION = YES;
				CLANG_WARN_COMMA = YES;
				CLANG_WARN_CONSTANT_CONVERSION = YES;
				CLANG_WARN_DEPRECATED_OBJC_IMPLEMENTATIONS = YES;
				CLANG_WARN_DIRECT_OBJC_ISA_USAGE = YES_ERROR;
				CLANG_WARN_DOCUMENTATION_COMMENTS = YES;
				CLANG_WARN_EMPTY_BODY = YES;
				CLANG_WARN_ENUM_CONVERSION = YES;
				CLANG_WARN_INFINITE_RECURSION = YES;
				CLANG_WARN_INT_CONVERSION = YES;
				CLANG_WARN_NON_LITERAL_NULL_CONVERSION = YES;
				CLANG_WARN_OBJC_IMPLICIT_RETAIN_SELF = YES;
				CLANG_WARN_OBJC_LITERAL_CONVERSION = YES;
				CLANG_WARN_OBJC_ROOT_CLASS = YES_ERROR;
				CLANG_WARN_QUOTED_INCLUDE_IN_FRAMEWORK_HEADER = YES;
				CLANG_WARN_RANGE_LOOP_ANALYSIS = YES;
				CLANG_WARN_STRICT_PROTOTYPES = YES;
				CLANG_WARN_SUSPICIOUS_MOVE = YES;
				CLANG_WARN_UNGUARDED_AVAILABILITY = YES_AGGRESSIVE;
				CLANG_WARN_UNREACHABLE_CODE = YES;
				CLANG_WARN__DUPLICATE_METHOD_MATCH = YES;
				COPY_PHASE_STRIP = NO;
				DEBUG_INFORMATION_FORMAT = "dwarf-with-dsym";
				ENABLE_NS_ASSERTIONS = NO;
				ENABLE_STRICT_OBJC_MSGSEND = YES;
				GCC_C_LANGUAGE_STANDARD = gnu11;
				GCC_NO_COMMON_BLOCKS = YES;
				GCC_WARN_64_TO_32_BIT_CONVERSION = YES;
				GCC_WARN_ABOUT_RETURN_TYPE = YES_ERROR;
				GCC_WARN_UNDECLARED_SELECTOR = YES;
				GCC_WARN_UNINITIALIZED_AUTOS = YES_AGGRESSIVE;
				GCC_WARN_UNUSED_FUNCTION = YES;
				GCC_WARN_UNUSED_VARIABLE = YES;
				IPHONEOS_DEPLOYMENT_TARGET = 16.4;
				MTL_ENABLE_DEBUG_INFO = NO;
				MTL_FAST_MATH = YES;
				SDKROOT = iphoneos;
				SWIFT_COMPILATION_MODE = wholemodule;
				SWIFT_OPTIMIZATION_LEVEL = "-O";
				VALIDATE_PRODUCT = YES;
			};
			name = Release;
		};
		8BF852F72A930A0C00F57338 /* Debug */ = {
			isa = XCBuildConfiguration;
			buildSettings = {
				ASSETCATALOG_COMPILER_APPICON_NAME = AppIcon;
				ASSETCATALOG_COMPILER_GLOBAL_ACCENT_COLOR_NAME = AccentColor;
				CODE_SIGN_STYLE = Automatic;
				CURRENT_PROJECT_VERSION = 1;
				DEVELOPMENT_TEAM = ZB66AY8DJC;
				GENERATE_INFOPLIST_FILE = YES;
				INFOPLIST_FILE = SeSACWeek6/Info.plist;
				INFOPLIST_KEY_NSLocationWhenInUseUsageDescription = "현재 날씨에 대한 정보를 가지고 오기 위해 위치 정보가 필요해요";
				INFOPLIST_KEY_UIApplicationSupportsIndirectInputEvents = YES;
				INFOPLIST_KEY_UILaunchStoryboardName = LaunchScreen;
				INFOPLIST_KEY_UISupportedInterfaceOrientations_iPad = "UIInterfaceOrientationPortrait UIInterfaceOrientationPortraitUpsideDown UIInterfaceOrientationLandscapeLeft UIInterfaceOrientationLandscapeRight";
				INFOPLIST_KEY_UISupportedInterfaceOrientations_iPhone = "UIInterfaceOrientationPortrait UIInterfaceOrientationLandscapeLeft UIInterfaceOrientationLandscapeRight";
				LD_RUNPATH_SEARCH_PATHS = (
					"$(inherited)",
					"@executable_path/Frameworks",
				);
				MARKETING_VERSION = 1.0;
				PRODUCT_BUNDLE_IDENTIFIER = com.SoomanHong.SeSACWeek6;
				PRODUCT_NAME = "$(TARGET_NAME)";
				SWIFT_EMIT_LOC_STRINGS = YES;
				SWIFT_VERSION = 5.0;
				TARGETED_DEVICE_FAMILY = "1,2";
			};
			name = Debug;
		};
		8BF852F82A930A0C00F57338 /* Release */ = {
			isa = XCBuildConfiguration;
			buildSettings = {
				ASSETCATALOG_COMPILER_APPICON_NAME = AppIcon;
				ASSETCATALOG_COMPILER_GLOBAL_ACCENT_COLOR_NAME = AccentColor;
				CODE_SIGN_STYLE = Automatic;
				CURRENT_PROJECT_VERSION = 1;
				DEVELOPMENT_TEAM = ZB66AY8DJC;
				GENERATE_INFOPLIST_FILE = YES;
				INFOPLIST_FILE = SeSACWeek6/Info.plist;
				INFOPLIST_KEY_NSLocationWhenInUseUsageDescription = "현재 날씨에 대한 정보를 가지고 오기 위해 위치 정보가 필요해요";
				INFOPLIST_KEY_UIApplicationSupportsIndirectInputEvents = YES;
				INFOPLIST_KEY_UILaunchStoryboardName = LaunchScreen;
				INFOPLIST_KEY_UISupportedInterfaceOrientations_iPad = "UIInterfaceOrientationPortrait UIInterfaceOrientationPortraitUpsideDown UIInterfaceOrientationLandscapeLeft UIInterfaceOrientationLandscapeRight";
				INFOPLIST_KEY_UISupportedInterfaceOrientations_iPhone = "UIInterfaceOrientationPortrait UIInterfaceOrientationLandscapeLeft UIInterfaceOrientationLandscapeRight";
				LD_RUNPATH_SEARCH_PATHS = (
					"$(inherited)",
					"@executable_path/Frameworks",
				);
				MARKETING_VERSION = 1.0;
				PRODUCT_BUNDLE_IDENTIFIER = com.SoomanHong.SeSACWeek6;
				PRODUCT_NAME = "$(TARGET_NAME)";
				SWIFT_EMIT_LOC_STRINGS = YES;
				SWIFT_VERSION = 5.0;
				TARGETED_DEVICE_FAMILY = "1,2";
			};
			name = Release;
		};
/* End XCBuildConfiguration section */

/* Begin XCConfigurationList section */
		8BF852DD2A930A0B00F57338 /* Build configuration list for PBXProject "SeSACWeek6" */ = {
			isa = XCConfigurationList;
			buildConfigurations = (
				8BF852F42A930A0C00F57338 /* Debug */,
				8BF852F52A930A0C00F57338 /* Release */,
			);
			defaultConfigurationIsVisible = 0;
			defaultConfigurationName = Release;
		};
		8BF852F62A930A0C00F57338 /* Build configuration list for PBXNativeTarget "SeSACWeek6" */ = {
			isa = XCConfigurationList;
			buildConfigurations = (
				8BF852F72A930A0C00F57338 /* Debug */,
				8BF852F82A930A0C00F57338 /* Release */,
			);
			defaultConfigurationIsVisible = 0;
			defaultConfigurationName = Release;
		};
/* End XCConfigurationList section */

/* Begin XCRemoteSwiftPackageReference section */
		8BF8530A2A94461C00F57338 /* XCRemoteSwiftPackageReference "SnapKit" */ = {
			isa = XCRemoteSwiftPackageReference;
			repositoryURL = "https://github.com/SnapKit/SnapKit.git";
			requirement = {
				kind = upToNextMajorVersion;
				minimumVersion = 5.0.0;
			};
		};
/* End XCRemoteSwiftPackageReference section */

/* Begin XCSwiftPackageProductDependency section */
		8BF8530B2A94461C00F57338 /* SnapKit */ = {
			isa = XCSwiftPackageProductDependency;
			package = 8BF8530A2A94461C00F57338 /* XCRemoteSwiftPackageReference "SnapKit" */;
			productName = SnapKit;
		};
/* End XCSwiftPackageProductDependency section */
	};
	rootObject = 8BF852DA2A930A0B00F57338 /* Project object */;
}
