// !$*UTF8*$!
{
	archiveVersion = 1;
	classes = {
	};
	objectVersion = 56;
	objects = {

/* Begin PBXBuildFile section */
		8BF852E62A930A0B00F57338 /* AppDelegate.swift in Sources */ = {isa = PBXBuildFile; fileRef = 8BF852E52A930A0B00F57338 /* AppDelegate.swift */; };
		8BF852E82A930A0B00F57338 /* SceneDelegate.swift in Sources */ = {isa = PBXBuildFile; fileRef = 8BF852E72A930A0B00F57338 /* SceneDelegate.swift */; };
		8BF852EA2A930A0B00F57338 /* ViewController.swift in Sources */ = {isa = PBXBuildFile; fileRef = 8BF852E92A930A0B00F57338 /* ViewController.swift */; };
		8BF852ED2A930A0B00F57338 /* Main.storyboard in Resources */ = {isa = PBXBuildFile; fileRef = 8BF852EB2A930A0B00F57338 /* Main.storyboard */; };
		8BF852EF2A930A0C00F57338 /* Assets.xcassets in Resources */ = {isa = PBXBuildFile; fileRef = 8BF852EE2A930A0C00F57338 /* Assets.xcassets */; };
		8BF852F22A930A0C00F57338 /* LaunchScreen.storyboard in Resources */ = {isa = PBXBuildFile; fileRef = 8BF852F02A930A0C00F57338 /* LaunchScreen.storyboard */; };
		8BF8530C2A94461C00F57338 /* SnapKit in Frameworks */ = {isa = PBXBuildFile; productRef = 8BF8530B2A94461C00F57338 /* SnapKit */; };
		8BF8530F2A94467D00F57338 /* SnapViewController.swift in Sources */ = {isa = PBXBuildFile; fileRef = 8BF8530E2A94467D00F57338 /* SnapViewController.swift */; };
		8BF853112A945CC500F57338 /* TextViewController.swift in Sources */ = {isa = PBXBuildFile; fileRef = 8BF853102A945CC500F57338 /* TextViewController.swift */; };
/* End PBXBuildFile section */

/* Begin PBXFileReference section */
		8BF852E22A930A0B00F57338 /* SeSACWeek6.app */ = {isa = PBXFileReference; explicitFileType = wrapper.application; includeInIndex = 0; path = SeSACWeek6.app; sourceTree = BUILT_PRODUCTS_DIR; };
		8BF852E52A930A0B00F57338 /* AppDelegate.swift */ = {isa = PBXFileReference; lastKnownFileType = sourcecode.swift; path = AppDelegate.swift; sourceTree = "<group>"; };
		8BF852E72A930A0B00F57338 /* SceneDelegate.swift */ = {isa = PBXFileReference; lastKnownFileType = sourcecode.swift; path = SceneDelegate.swift; sourceTree = "<group>"; };
		8BF852E92A930A0B00F57338 /* ViewController.swift */ = {isa = PBXFileReference; lastKnownFileType = sourcecode.swift; path = ViewController.swift; sourceTree = "<group>"; };
		8BF852EC2A930A0B00F57338 /* Base */ = {isa = PBXFileReference; lastKnownFileType = file.storyboard; name = Base; path = Base.lproj/Main.storyboard; sourceTree = "<group>"; };
		8BF852EE2A930A0C00F57338 /* Assets.xcassets */ = {isa = PBXFileReference; lastKnownFileType = folder.assetcatalog; path = Assets.xcassets; sourceTree = "<group>"; };
		8BF852F12A930A0C00F57338 /* Base */ = {isa = PBXFileReference; lastKnownFileType = file.storyboard; name = Base; path = Base.lproj/LaunchScreen.storyboard; sourceTree = "<group>"; };
		8BF852F32A930A0C00F57338 /* Info.plist */ = {isa = PBXFileReference; lastKnownFileType = text.plist.xml; path = Info.plist; sourceTree = "<group>"; };
		8BF8530E2A94467D00F57338 /* SnapViewController.swift */ = {isa = PBXFileReference; lastKnownFileType = sourcecode.swift; path = SnapViewController.swift; sourceTree = "<group>"; };
		8BF853102A945CC500F57338 /* TextViewController.swift */ = {isa = PBXFileReference; lastKnownFileType = sourcecode.swift; path = TextViewController.swift; sourceTree = "<group>"; };
/* End PBXFileReference section */

/* Begin PBXFrameworksBuildPhase section */
		8BF852DF2A930A0B00F57338 /* Frameworks */ = {
			isa = PBXFrameworksBuildPhase;
			buildActionMask = 2147483647;
			files = (
				8BF8530C2A94461C00F57338 /* SnapKit in Frameworks */,
			);
			runOnlyForDeploymentPostprocessing = 0;
		};
/* End PBXFrameworksBuildPhase section */

/* Begin PBXGroup section */
		8BF852D92A930A0B00F57338 = {
			isa = PBXGroup;
			children = (
				8BF852E42A930A0B00F57338 /* SeSACWeek6 */,
				8BF852E32A930A0B00F57338 /* Products */,
			);
			sourceTree = "<group>";
		};
		8BF852E32A930A0B00F57338 /* Products */ = {
			isa = PBXGroup;
			children = (
				8BF852E22A930A0B00F57338 /* SeSACWeek6.app */,
			);
			name = Products;
			sourceTree = "<group>";
		};
		8BF852E42A930A0B00F57338 /* SeSACWeek6 */ = {
			isa = PBXGroup;
			children = (
				8BF8530D2A94464B00F57338 /* Test */,
				8BF852E52A930A0B00F57338 /* AppDelegate.swift */,
				8BF852E72A930A0B00F57338 /* SceneDelegate.swift */,
				8BF852E92A930A0B00F57338 /* ViewController.swift */,
				8BF852EB2A930A0B00F57338 /* Main.storyboard */,
				8BF852EE2A930A0C00F57338 /* Assets.xcassets */,
				8BF852F02A930A0C00F57338 /* LaunchScreen.storyboard */,
				8BF852F32A930A0C00F57338 /* Info.plist */,
			);
			path = SeSACWeek6;
			sourceTree = "<group>";
		};
		8BF8530D2A94464B00F57338 /* Test */ = {
			isa = PBXGroup;
			children = (
				8BF8530E2A94467D00F57338 /* SnapViewController.swift */,
				8BF853102A945CC500F57338 /* TextViewController.swift */,
			);
			path = Test;
			sourceTree = "<group>";
		};
/* End PBXGroup section */

/* Begin PBXNativeTarget section */
		8BF852E12A930A0B00F57338 /* SeSACWeek6 */ = {
			isa = PBXNativeTarget;
			buildConfigurationList = 8BF852F62A930A0C00F57338 /* Build configuration list for PBXNativeTarget "SeSACWeek6" */;
			buildPhases = (
				8BF852DE2A930A0B00F57338 /* Sources */,
				8BF852DF2A930A0B00F57338 /* Frameworks */,
				8BF852E02A930A0B00F57338 /* Resources */,
			);
			buildRules = (
			);
			dependencies = (
			);
			name = SeSACWeek6;
			packageProductDependencies = (
				8BF8530B2A94461C00F57338 /* SnapKit */,
			);
			productName = SeSACWeek6;
			productReference = 8BF852E22A930A0B00F57338 /* SeSACWeek6.app */;
			productType = "com.apple.product-type.application";
		};
/* End PBXNativeTarget section */

/* Begin PBXProject section */
		8BF852DA2A930A0B00F57338 /* Project object */ = {
			isa = PBXProject;
			attributes = {
				BuildIndependentTargetsInParallel = 1;
				LastSwiftUpdateCheck = 1430;
				LastUpgradeCheck = 1430;
				TargetAttributes = {
					8BF852E12A930A0B00F57338 = {
						CreatedOnToolsVersion = 14.3.1;
					};
				};
			};
			buildConfigurationList = 8BF852DD2A930A0B00F57338 /* Build configuration list for PBXProject "SeSACWeek6" */;
			compatibilityVersion = "Xcode 14.0";
			developmentRegion = en;
			hasScannedForEncodings = 0;
			knownRegions = (
				en,
				Base,
			);
			mainGroup = 8BF852D92A930A0B00F57338;
			packageReferences = (
				8BF8530A2A94461C00F57338 /* XCRemoteSwiftPackageReference "SnapKit" */,
			);
			productRefGroup = 8BF852E32A930A0B00F57338 /* Products */;
			projectDirPath = "";
			projectRoot = "";
			targets = (
				8BF852E12A930A0B00F57338 /* SeSACWeek6 */,
			);
		};
/* End PBXProject section */

/* Begin PBXResourcesBuildPhase section */
		8BF852E02A930A0B00F57338 /* Resources */ = {
			isa = PBXResourcesBuildPhase;
			buildActionMask = 2147483647;
			files = (
				8BF852F22A930A0C00F57338 /* LaunchScreen.storyboard in Resources */,
				8BF852EF2A930A0C00F57338 /* Assets.xcassets in Resources */,
				8BF852ED2A930A0B00F57338 /* Main.storyboard in Resources */,
			);
			runOnlyForDeploymentPostprocessing = 0;
		};
/* End PBXResourcesBuildPhase section */

/* Begin PBXSourcesBuildPhase section */
		8BF852DE2A930A0B00F57338 /* Sources */ = {
			isa = PBXSourcesBuildPhase;
			buildActionMask = 2147483647;
			files = (
				8BF853112A945CC500F57338 /* TextViewController.swift in Sources */,
				8BF8530F2A94467D00F57338 /* SnapViewController.swift in Sources */,
				8BF852EA2A930A0B00F57338 /* ViewController.swift in Sources */,
				8BF852E62A930A0B00F57338 /* AppDelegate.swift in Sources */,
				8BF852E82A930A0B00F57338 /* SceneDelegate.swift in Sources */,
			);
			runOnlyForDeploymentPostprocessing = 0;
		};
/* End PBXSourcesBuildPhase section */

/* Begin PBXVariantGroup section */
		8BF852EB2A930A0B00F57338 /* Main.storyboard */ = {
			isa = PBXVariantGroup;
			children = (
				8BF852EC2A930A0B00F57338 /* Base */,
			);
			name = Main.storyboard;
			sourceTree = "<group>";
		};
		8BF852F02A930A0C00F57338 /* LaunchScreen.storyboard */ = {
			isa = PBXVariantGroup;
			children = (
				8BF852F12A930A0C00F57338 /* Base */,
			);
			name = LaunchScreen.storyboard;
			sourceTree = "<group>";
		};
/* End PBXVariantGroup section */

/* Begin XCBuildConfiguration section */
		8BF852F42A930A0C00F57338 /* Debug */ = {
			isa = XCBuildConfiguration;
			buildSettings = {
				ALWAYS_SEARCH_USER_PATHS = NO;
				CLANG_ANALYZER_NONNULL = YES;
				CLANG_ANALYZER_NUMBER_OBJECT_CONVERSION = YES_AGGRESSIVE;
				CLANG_CXX_LANGUAGE_STANDARD = "gnu++20";
				CLANG_ENABLE_MODULES = YES;
				CLANG_ENABLE_OBJC_ARC = YES;
				CLANG_ENABLE_OBJC_WEAK = YES;
				CLANG_WARN_BLOCK_CAPTURE_AUTORELEASING = YES;
				CLANG_WARN_BOOL_CONVERSION = YES;
				CLANG_WARN_COMMA = YES;
				CLANG_WARN_CONSTANT_CONVERSION = YES;
				CLANG_WARN_DEPRECATED_OBJC_IMPLEMENTATIONS = YES;
				CLANG_WARN_DIRECT_OBJC_ISA_USAGE = YES_ERROR;
				CLANG_WARN_DOCUMENTATION_COMMENTS = YES;
				CLANG_WARN_EMPTY_BODY = YES;
				CLANG_WARN_ENUM_CONVERSION = YES;
				CLANG_WARN_INFINITE_RECURSION = YES;
				CLANG_WARN_INT_CONVERSION = YES;
				CLANG_WARN_NON_LITERAL_NULL_CONVERSION = YES;
				CLANG_WARN_OBJC_IMPLICIT_RETAIN_SELF = YES;
				CLANG_WARN_OBJC_LITERAL_CONVERSION = YES;
				CLANG_WARN_OBJC_ROOT_CLASS = YES_ERROR;
				CLANG_WARN_QUOTED_INCLUDE_IN_FRAMEWORK_HEADER = YES;
				CLANG_WARN_RANGE_LOOP_ANALYSIS = YES;
				CLANG_WARN_STRICT_PROTOTYPES = YES;
				CLANG_WARN_SUSPICIOUS_MOVE = YES;
				CLANG_WARN_UNGUARDED_AVAILABILITY = YES_AGGRESSIVE;
				CLANG_WARN_UNREACHABLE_CODE = YES;
				CLANG_WARN__DUPLICATE_METHOD_MATCH = YES;
				COPY_PHASE_STRIP = NO;
				DEBUG_INFORMATION_FORMAT = dwarf;
				ENABLE_STRICT_OBJC_MSGSEND = YES;
				ENABLE_TESTABILITY = YES;
				GCC_C_LANGUAGE_STANDARD = gnu11;
				GCC_DYNAMIC_NO_PIC = NO;
				GCC_NO_COMMON_BLOCKS = YES;
				GCC_OPTIMIZATION_LEVEL = 0;
				GCC_PREPROCESSOR_DEFINITIONS = (
					"DEBUG=1",
					"$(inherited)",
				);
				GCC_WARN_64_TO_32_BIT_CONVERSION = YES;
				GCC_WARN_ABOUT_RETURN_TYPE = YES_ERROR;
				GCC_WARN_UNDECLARED_SELECTOR = YES;
				GCC_WARN_UNINITIALIZED_AUTOS = YES_AGGRESSIVE;
				GCC_WARN_UNUSED_FUNCTION = YES;
				GCC_WARN_UNUSED_VARIABLE = YES;
				IPHONEOS_DEPLOYMENT_TARGET = 16.4;
				MTL_ENABLE_DEBUG_INFO = INCLUDE_SOURCE;
				MTL_FAST_MATH = YES;
				ONLY_ACTIVE_ARCH = YES;
				SDKROOT = iphoneos;
				SWIFT_ACTIVE_COMPILATION_CONDITIONS = DEBUG;
				SWIFT_OPTIMIZATION_LEVEL = "-Onone";
			};
			name = Debug;
		};
		8BF852F52A930A0C00F57338 /* Release */ = {
			isa = XCBuildConfiguration;
			buildSettings = {
				ALWAYS_SEARCH_USER_PATHS = NO;
				CLANG_ANALYZER_NONNULL = YES;
				CLANG_ANALYZER_NUMBER_OBJECT_CONVERSION = YES_AGGRESSIVE;
				CLANG_CXX_LANGUAGE_STANDARD = "gnu++20";
				CLANG_ENABLE_MODULES = YES;
				CLANG_ENABLE_OBJC_ARC = YES;
				CLANG_ENABLE_OBJC_WEAK = YES;
				CLANG_WARN_BLOCK_CAPTURE_AUTORELEASING = YES;
				CLANG_WARN_BOOL_CONVERSION = YES;
				CLANG_WARN_COMMA = YES;
				CLANG_WARN_CONSTANT_CONVERSION = YES;
				CLANG_WARN_DEPRECATED_OBJC_IMPLEMENTATIONS = YES;
				CLANG_WARN_DIRECT_OBJC_ISA_USAGE = YES_ERROR;
				CLANG_WARN_DOCUMENTATION_COMMENTS = YES;
				CLANG_WARN_EMPTY_BODY = YES;
				CLANG_WARN_ENUM_CONVERSION = YES;
				CLANG_WARN_INFINITE_RECURSION = YES;
				CLANG_WARN_INT_CONVERSION = YES;
				CLANG_WARN_NON_LITERAL_NULL_CONVERSION = YES;
				CLANG_WARN_OBJC_IMPLICIT_RETAIN_SELF = YES;
				CLANG_WARN_OBJC_LITERAL_CONVERSION = YES;
				CLANG_WARN_OBJC_ROOT_CLASS = YES_ERROR;
				CLANG_WARN_QUOTED_INCLUDE_IN_FRAMEWORK_HEADER = YES;
				CLANG_WARN_RANGE_LOOP_ANALYSIS = YES;
				CLANG_WARN_STRICT_PROTOTYPES = YES;
				CLANG_WARN_SUSPICIOUS_MOVE = YES;
				CLANG_WARN_UNGUARDED_AVAILABILITY = YES_AGGRESSIVE;
				CLANG_WARN_UNREACHABLE_CODE = YES;
				CLANG_WARN__DUPLICATE_METHOD_MATCH = YES;
				COPY_PHASE_STRIP = NO;
				DEBUG_INFORMATION_FORMAT = "dwarf-with-dsym";
				ENABLE_NS_ASSERTIONS = NO;
				ENABLE_STRICT_OBJC_MSGSEND = YES;
				GCC_C_LANGUAGE_STANDARD = gnu11;
				GCC_NO_COMMON_BLOCKS = YES;
				GCC_WARN_64_TO_32_BIT_CONVERSION = YES;
				GCC_WARN_ABOUT_RETURN_TYPE = YES_ERROR;
				GCC_WARN_UNDECLARED_SELECTOR = YES;
				GCC_WARN_UNINITIALIZED_AUTOS = YES_AGGRESSIVE;
				GCC_WARN_UNUSED_FUNCTION = YES;
				GCC_WARN_UNUSED_VARIABLE = YES;
				IPHONEOS_DEPLOYMENT_TARGET = 16.4;
				MTL_ENABLE_DEBUG_INFO = NO;
				MTL_FAST_MATH = YES;
				SDKROOT = iphoneos;
				SWIFT_COMPILATION_MODE = wholemodule;
				SWIFT_OPTIMIZATION_LEVEL = "-O";
				VALIDATE_PRODUCT = YES;
			};
			name = Release;
		};
		8BF852F72A930A0C00F57338 /* Debug */ = {
			isa = XCBuildConfiguration;
			buildSettings = {
				ASSETCATALOG_COMPILER_APPICON_NAME = AppIcon;
				ASSETCATALOG_COMPILER_GLOBAL_ACCENT_COLOR_NAME = AccentColor;
				CODE_SIGN_STYLE = Automatic;
				CURRENT_PROJECT_VERSION = 1;
				GENERATE_INFOPLIST_FILE = YES;
				INFOPLIST_FILE = SeSACWeek6/Info.plist;
				INFOPLIST_KEY_UIApplicationSupportsIndirectInputEvents = YES;
				INFOPLIST_KEY_UILaunchStoryboardName = LaunchScreen;
				INFOPLIST_KEY_UIMainStoryboardFile = Main;
				INFOPLIST_KEY_UISupportedInterfaceOrientations_iPad = "UIInterfaceOrientationPortrait UIInterfaceOrientationPortraitUpsideDown UIInterfaceOrientationLandscapeLeft UIInterfaceOrientationLandscapeRight";
				INFOPLIST_KEY_UISupportedInterfaceOrientations_iPhone = "UIInterfaceOrientationPortrait UIInterfaceOrientationLandscapeLeft UIInterfaceOrientationLandscapeRight";
				LD_RUNPATH_SEARCH_PATHS = (
					"$(inherited)",
					"@executable_path/Frameworks",
				);
				MARKETING_VERSION = 1.0;
				PRODUCT_BUNDLE_IDENTIFIER = com.SoomanHong.SeSACWeek6;
				PRODUCT_NAME = "$(TARGET_NAME)";
				SWIFT_EMIT_LOC_STRINGS = YES;
				SWIFT_VERSION = 5.0;
				TARGETED_DEVICE_FAMILY = "1,2";
			};
			name = Debug;
		};
		8BF852F82A930A0C00F57338 /* Release */ = {
			isa = XCBuildConfiguration;
			buildSettings = {
				ASSETCATALOG_COMPILER_APPICON_NAME = AppIcon;
				ASSETCATALOG_COMPILER_GLOBAL_ACCENT_COLOR_NAME = AccentColor;
				CODE_SIGN_STYLE = Automatic;
				CURRENT_PROJECT_VERSION = 1;
				GENERATE_INFOPLIST_FILE = YES;
				INFOPLIST_FILE = SeSACWeek6/Info.plist;
				INFOPLIST_KEY_UIApplicationSupportsIndirectInputEvents = YES;
				INFOPLIST_KEY_UILaunchStoryboardName = LaunchScreen;
				INFOPLIST_KEY_UIMainStoryboardFile = Main;
				INFOPLIST_KEY_UISupportedInterfaceOrientations_iPad = "UIInterfaceOrientationPortrait UIInterfaceOrientationPortraitUpsideDown UIInterfaceOrientationLandscapeLeft UIInterfaceOrientationLandscapeRight";
				INFOPLIST_KEY_UISupportedInterfaceOrientations_iPhone = "UIInterfaceOrientationPortrait UIInterfaceOrientationLandscapeLeft UIInterfaceOrientationLandscapeRight";
				LD_RUNPATH_SEARCH_PATHS = (
					"$(inherited)",
					"@executable_path/Frameworks",
				);
				MARKETING_VERSION = 1.0;
				PRODUCT_BUNDLE_IDENTIFIER = com.SoomanHong.SeSACWeek6;
				PRODUCT_NAME = "$(TARGET_NAME)";
				SWIFT_EMIT_LOC_STRINGS = YES;
				SWIFT_VERSION = 5.0;
				TARGETED_DEVICE_FAMILY = "1,2";
			};
			name = Release;
		};
/* End XCBuildConfiguration section */

/* Begin XCConfigurationList section */
		8BF852DD2A930A0B00F57338 /* Build configuration list for PBXProject "SeSACWeek6" */ = {
			isa = XCConfigurationList;
			buildConfigurations = (
				8BF852F42A930A0C00F57338 /* Debug */,
				8BF852F52A930A0C00F57338 /* Release */,
			);
			defaultConfigurationIsVisible = 0;
			defaultConfigurationName = Release;
		};
		8BF852F62A930A0C00F57338 /* Build configuration list for PBXNativeTarget "SeSACWeek6" */ = {
			isa = XCConfigurationList;
			buildConfigurations = (
				8BF852F72A930A0C00F57338 /* Debug */,
				8BF852F82A930A0C00F57338 /* Release */,
			);
			defaultConfigurationIsVisible = 0;
			defaultConfigurationName = Release;
		};
/* End XCConfigurationList section */

/* Begin XCRemoteSwiftPackageReference section */
		8BF8530A2A94461C00F57338 /* XCRemoteSwiftPackageReference "SnapKit" */ = {
			isa = XCRemoteSwiftPackageReference;
			repositoryURL = "https://github.com/SnapKit/SnapKit.git";
			requirement = {
				kind = upToNextMajorVersion;
				minimumVersion = 5.0.0;
			};
		};
/* End XCRemoteSwiftPackageReference section */

/* Begin XCSwiftPackageProductDependency section */
		8BF8530B2A94461C00F57338 /* SnapKit */ = {
			isa = XCSwiftPackageProductDependency;
			package = 8BF8530A2A94461C00F57338 /* XCRemoteSwiftPackageReference "SnapKit" */;
			productName = SnapKit;
		};
/* End XCSwiftPackageProductDependency section */
	};
	rootObject = 8BF852DA2A930A0B00F57338 /* Project object */;
}
